// !$*UTF8*$!
{
	archiveVersion = 1;
	classes = {
	};
	objectVersion = 55;
	objects = {

/* Begin PBXBuildFile section */
		A20A9E9628797B6D000ABFBB /* MyPageViewController.swift in Sources */ = {isa = PBXBuildFile; fileRef = A20A9E9428797B6D000ABFBB /* MyPageViewController.swift */; };
		A20A9E9728797B6D000ABFBB /* MyPageViewModel.swift in Sources */ = {isa = PBXBuildFile; fileRef = A20A9E9528797B6D000ABFBB /* MyPageViewModel.swift */; };
		A20A9E9928797B93000ABFBB /* MyPageCoordinator.swift in Sources */ = {isa = PBXBuildFile; fileRef = A20A9E9828797B93000ABFBB /* MyPageCoordinator.swift */; };
		A20A9E9C287982B5000ABFBB /* MyPageHeaderView.swift in Sources */ = {isa = PBXBuildFile; fileRef = A20A9E9B287982B5000ABFBB /* MyPageHeaderView.swift */; };
		A20A9E9E28798336000ABFBB /* UICollectionView+Extension.swift in Sources */ = {isa = PBXBuildFile; fileRef = A20A9E9D28798336000ABFBB /* UICollectionView+Extension.swift */; };
		A20A9EA02879A18E000ABFBB /* MyPageCollectionViewCell.swift in Sources */ = {isa = PBXBuildFile; fileRef = A20A9E9F2879A18E000ABFBB /* MyPageCollectionViewCell.swift */; };
		A22FC8AE2879A62500F33D4F /* LevelView.swift in Sources */ = {isa = PBXBuildFile; fileRef = A22FC8AD2879A62500F33D4F /* LevelView.swift */; };
		A22FC8B02879AA3F00F33D4F /* UIView+Extension.swift in Sources */ = {isa = PBXBuildFile; fileRef = A22FC8AF2879AA3F00F33D4F /* UIView+Extension.swift */; };
		A22FC8B72879BCB800F33D4F /* SpoqaHanSansNeo-Light.otf in Resources */ = {isa = PBXBuildFile; fileRef = A22FC8B22879BCB700F33D4F /* SpoqaHanSansNeo-Light.otf */; };
		A22FC8B82879BCB800F33D4F /* SpoqaHanSansNeo-Regular.otf in Resources */ = {isa = PBXBuildFile; fileRef = A22FC8B32879BCB800F33D4F /* SpoqaHanSansNeo-Regular.otf */; };
		A22FC8BA2879BCB800F33D4F /* SpoqaHanSansNeo-Medium.otf in Resources */ = {isa = PBXBuildFile; fileRef = A22FC8B52879BCB800F33D4F /* SpoqaHanSansNeo-Medium.otf */; };
		A22FC8BB2879BCB800F33D4F /* SpoqaHanSansNeo-Bold.otf in Resources */ = {isa = PBXBuildFile; fileRef = A22FC8B62879BCB800F33D4F /* SpoqaHanSansNeo-Bold.otf */; };
		A22FC8CE2879BD9700F33D4F /* SF-Pro-Display-Bold.otf in Resources */ = {isa = PBXBuildFile; fileRef = A22FC8C02879BD9600F33D4F /* SF-Pro-Display-Bold.otf */; };
		A22FC8CF2879BD9700F33D4F /* SF-Pro-Display-Medium.otf in Resources */ = {isa = PBXBuildFile; fileRef = A22FC8C12879BD9600F33D4F /* SF-Pro-Display-Medium.otf */; };
		A22FC8D22879BD9700F33D4F /* SF-Pro-Display-Light.otf in Resources */ = {isa = PBXBuildFile; fileRef = A22FC8C42879BD9600F33D4F /* SF-Pro-Display-Light.otf */; };
		A22FC8D32879BD9700F33D4F /* SF-Pro-Display-Regular.otf in Resources */ = {isa = PBXBuildFile; fileRef = A22FC8C52879BD9600F33D4F /* SF-Pro-Display-Regular.otf */; };
		A22FC8D92879BF7A00F33D4F /* UIFont+Extension.swift in Sources */ = {isa = PBXBuildFile; fileRef = A22FC8D82879BF7A00F33D4F /* UIFont+Extension.swift */; };
		A22FC8DE2879D80C00F33D4F /* KeywordView.swift in Sources */ = {isa = PBXBuildFile; fileRef = A22FC8DD2879D80C00F33D4F /* KeywordView.swift */; };
		A22FC8E02879E70800F33D4F /* Rx+Extension.swift in Sources */ = {isa = PBXBuildFile; fileRef = A22FC8DF2879E70800F33D4F /* Rx+Extension.swift */; };
		A22FC8E4287A044900F33D4F /* MyQuestionCell.swift in Sources */ = {isa = PBXBuildFile; fileRef = A22FC8E3287A044900F33D4F /* MyQuestionCell.swift */; };
		A22FC8E6287A046300F33D4F /* OtherQuestionCell.swift in Sources */ = {isa = PBXBuildFile; fileRef = A22FC8E5287A046300F33D4F /* OtherQuestionCell.swift */; };
		A22FC8E9287A10B800F33D4F /* AnswerCompleteViewController.swift in Sources */ = {isa = PBXBuildFile; fileRef = A22FC8E8287A10B800F33D4F /* AnswerCompleteViewController.swift */; };
		A2CF64DF28796D7F007D54DD /* DoriDoriError.swift in Sources */ = {isa = PBXBuildFile; fileRef = A2CF64DE28796D7F007D54DD /* DoriDoriError.swift */; };
		A2CF64E128796D8B007D54DD /* ErrorModel.swift in Sources */ = {isa = PBXBuildFile; fileRef = A2CF64E028796D8B007D54DD /* ErrorModel.swift */; };
		A2CF64E328796D99007D54DD /* Network.swift in Sources */ = {isa = PBXBuildFile; fileRef = A2CF64E228796D99007D54DD /* Network.swift */; };
		A2CF64E528796DA5007D54DD /* Requestable.swift in Sources */ = {isa = PBXBuildFile; fileRef = A2CF64E428796DA5007D54DD /* Requestable.swift */; };
		A2CF64E728796DB1007D54DD /* ResponseModel.swift in Sources */ = {isa = PBXBuildFile; fileRef = A2CF64E628796DB1007D54DD /* ResponseModel.swift */; };
		A2F92C6C288BD1F4000340F5 /* OtherSpeechBubbleView.swift in Sources */ = {isa = PBXBuildFile; fileRef = A2F92C6B288BD1F4000340F5 /* OtherSpeechBubbleView.swift */; };
		A2F92C6E288BEED1000340F5 /* MyPageSpeechBubbleView.swift in Sources */ = {isa = PBXBuildFile; fileRef = A2F92C6D288BEED1000340F5 /* MyPageSpeechBubbleView.swift */; };
		A2F92C70288BF76B000340F5 /* UIStackView+Extension.swift in Sources */ = {isa = PBXBuildFile; fileRef = A2F92C6F288BF76B000340F5 /* UIStackView+Extension.swift */; };
		A2F92C72288C05F5000340F5 /* MyPageSpeechBubbleCell.swift in Sources */ = {isa = PBXBuildFile; fileRef = A2F92C71288C05F5000340F5 /* MyPageSpeechBubbleCell.swift */; };
		A2F92C74288CF594000340F5 /* HomeOtherSpeechBubbleView.swift in Sources */ = {isa = PBXBuildFile; fileRef = A2F92C73288CF594000340F5 /* HomeOtherSpeechBubbleView.swift */; };
		A2F92CA1288EDA94000340F5 /* Int+Extension.swift in Sources */ = {isa = PBXBuildFile; fileRef = A2F92CA0288EDA94000340F5 /* Int+Extension.swift */; };
		A2F92CA3288EDC55000340F5 /* HomeOtherSpeechBubbleCell.swift in Sources */ = {isa = PBXBuildFile; fileRef = A2F92CA2288EDC55000340F5 /* HomeOtherSpeechBubbleCell.swift */; };
		CE42D3842870483A00C49548 /* CompositionRoot.swift in Sources */ = {isa = PBXBuildFile; fileRef = CE42D3832870483A00C49548 /* CompositionRoot.swift */; };
		CE58A7EF2877279C00928091 /* FlexLayout in Frameworks */ = {isa = PBXBuildFile; productRef = CE58A7EE2877279C00928091 /* FlexLayout */; };
		CE58A7F12877279C00928091 /* FlexLayoutYoga in Frameworks */ = {isa = PBXBuildFile; productRef = CE58A7F02877279C00928091 /* FlexLayoutYoga */; };
		CE58A7F32877279C00928091 /* FlexLayoutYogaKit in Frameworks */ = {isa = PBXBuildFile; productRef = CE58A7F22877279C00928091 /* FlexLayoutYogaKit */; };
		CE58A80E28796C8900928091 /* SnapKit in Frameworks */ = {isa = PBXBuildFile; productRef = CE58A80D28796C8900928091 /* SnapKit */; };
		CE5B13262879748D00F10A20 /* Coordinator.swift in Sources */ = {isa = PBXBuildFile; fileRef = CE5B13252879748D00F10A20 /* Coordinator.swift */; };
		CE5B1328287974A400F10A20 /* AppCoordinator.swift in Sources */ = {isa = PBXBuildFile; fileRef = CE5B1327287974A400F10A20 /* AppCoordinator.swift */; };
		CE5B13342879AED500F10A20 /* HomeViewController.swift in Sources */ = {isa = PBXBuildFile; fileRef = CE5B13322879AED500F10A20 /* HomeViewController.swift */; };
		CE5B13352879AED500F10A20 /* HomeViewModel.swift in Sources */ = {isa = PBXBuildFile; fileRef = CE5B13332879AED500F10A20 /* HomeViewModel.swift */; };
		CE5B13382879B1DC00F10A20 /* HomeHeaderView.swift in Sources */ = {isa = PBXBuildFile; fileRef = CE5B13372879B1DC00F10A20 /* HomeHeaderView.swift */; };
		CE5B134D287A11B800F10A20 /* BaseWebViewController.swift in Sources */ = {isa = PBXBuildFile; fileRef = CE5B134C287A11B800F10A20 /* BaseWebViewController.swift */; };
		CE8A535728996272005E33CC /* LocationCollectionViewCell.swift in Sources */ = {isa = PBXBuildFile; fileRef = CE8A535628996272005E33CC /* LocationCollectionViewCell.swift */; };
		CEAAA592285A2A4C00D8D3EA /* AppDelegate.swift in Sources */ = {isa = PBXBuildFile; fileRef = CEAAA591285A2A4C00D8D3EA /* AppDelegate.swift */; };
		CEAAA594285A2A4C00D8D3EA /* SceneDelegate.swift in Sources */ = {isa = PBXBuildFile; fileRef = CEAAA593285A2A4C00D8D3EA /* SceneDelegate.swift */; };
		CEAAA596285A2A4C00D8D3EA /* ViewController.swift in Sources */ = {isa = PBXBuildFile; fileRef = CEAAA595285A2A4C00D8D3EA /* ViewController.swift */; };
		CEAAA59B285A2A4D00D8D3EA /* Assets.xcassets in Resources */ = {isa = PBXBuildFile; fileRef = CEAAA59A285A2A4D00D8D3EA /* Assets.xcassets */; };
		CEAAA5A9285A2A4D00D8D3EA /* DoriDori_iOSTests.swift in Sources */ = {isa = PBXBuildFile; fileRef = CEAAA5A8285A2A4D00D8D3EA /* DoriDori_iOSTests.swift */; };
		CEAAA5B3285A2A4D00D8D3EA /* DoriDori_iOSUITests.swift in Sources */ = {isa = PBXBuildFile; fileRef = CEAAA5B2285A2A4D00D8D3EA /* DoriDori_iOSUITests.swift */; };
		CEAAA5B5285A2A4D00D8D3EA /* DoriDori_iOSUITestsLaunchTests.swift in Sources */ = {isa = PBXBuildFile; fileRef = CEAAA5B4285A2A4D00D8D3EA /* DoriDori_iOSUITestsLaunchTests.swift */; };
		CEAAA5C3285A2BDB00D8D3EA /* ReactorKit in Frameworks */ = {isa = PBXBuildFile; productRef = CEAAA5C2285A2BDB00D8D3EA /* ReactorKit */; };
		CEAAA5C6285A2D3300D8D3EA /* RxCocoa in Frameworks */ = {isa = PBXBuildFile; productRef = CEAAA5C5285A2D3300D8D3EA /* RxCocoa */; };
		CEAAA5C8285A2D3300D8D3EA /* RxRelay in Frameworks */ = {isa = PBXBuildFile; productRef = CEAAA5C7285A2D3300D8D3EA /* RxRelay */; };
		CEAAA5CB285A2D8700D8D3EA /* Alamofire in Frameworks */ = {isa = PBXBuildFile; productRef = CEAAA5CA285A2D8700D8D3EA /* Alamofire */; };
		CEAAA5CE285A2DAB00D8D3EA /* Kingfisher in Frameworks */ = {isa = PBXBuildFile; productRef = CEAAA5CD285A2DAB00D8D3EA /* Kingfisher */; };
		CEB2656E2875E9C800B9970B /* UIColor+Extension.swift in Sources */ = {isa = PBXBuildFile; fileRef = CEB2656D2875E9C800B9970B /* UIColor+Extension.swift */; };
		CEB265702875EA6800B9970B /* Colors.xcassets in Resources */ = {isa = PBXBuildFile; fileRef = CEB2656F2875EA6800B9970B /* Colors.xcassets */; };
		CECB0C3B28A2AF4D00A48D82 /* HomeRepository.swift in Sources */ = {isa = PBXBuildFile; fileRef = CECB0C3A28A2AF4D00A48D82 /* HomeRepository.swift */; };
		CECB0C3F28A2BE2B00A48D82 /* MyWard.swift in Sources */ = {isa = PBXBuildFile; fileRef = CECB0C3E28A2BE2B00A48D82 /* MyWard.swift */; };
		CEE7651F2867462B007FC892 /* BaseTabBarController.swift in Sources */ = {isa = PBXBuildFile; fileRef = CEE7651E2867462B007FC892 /* BaseTabBarController.swift */; };
		CEE76521286746B4007FC892 /* HomeTab.swift in Sources */ = {isa = PBXBuildFile; fileRef = CEE76520286746B4007FC892 /* HomeTab.swift */; };
		CEE7652328674750007FC892 /* MainTabBarController.swift in Sources */ = {isa = PBXBuildFile; fileRef = CEE7652228674750007FC892 /* MainTabBarController.swift */; };
/* End PBXBuildFile section */

/* Begin PBXContainerItemProxy section */
		CEAAA5A5285A2A4D00D8D3EA /* PBXContainerItemProxy */ = {
			isa = PBXContainerItemProxy;
			containerPortal = CEAAA586285A2A4C00D8D3EA /* Project object */;
			proxyType = 1;
			remoteGlobalIDString = CEAAA58D285A2A4C00D8D3EA;
			remoteInfo = DoriDori_iOS;
		};
		CEAAA5AF285A2A4D00D8D3EA /* PBXContainerItemProxy */ = {
			isa = PBXContainerItemProxy;
			containerPortal = CEAAA586285A2A4C00D8D3EA /* Project object */;
			proxyType = 1;
			remoteGlobalIDString = CEAAA58D285A2A4C00D8D3EA;
			remoteInfo = DoriDori_iOS;
		};
/* End PBXContainerItemProxy section */

/* Begin PBXFileReference section */
		A20A9E9428797B6D000ABFBB /* MyPageViewController.swift */ = {isa = PBXFileReference; lastKnownFileType = sourcecode.swift; path = MyPageViewController.swift; sourceTree = "<group>"; };
		A20A9E9528797B6D000ABFBB /* MyPageViewModel.swift */ = {isa = PBXFileReference; lastKnownFileType = sourcecode.swift; path = MyPageViewModel.swift; sourceTree = "<group>"; };
		A20A9E9828797B93000ABFBB /* MyPageCoordinator.swift */ = {isa = PBXFileReference; lastKnownFileType = sourcecode.swift; path = MyPageCoordinator.swift; sourceTree = "<group>"; };
		A20A9E9B287982B5000ABFBB /* MyPageHeaderView.swift */ = {isa = PBXFileReference; lastKnownFileType = sourcecode.swift; path = MyPageHeaderView.swift; sourceTree = "<group>"; };
		A20A9E9D28798336000ABFBB /* UICollectionView+Extension.swift */ = {isa = PBXFileReference; lastKnownFileType = sourcecode.swift; path = "UICollectionView+Extension.swift"; sourceTree = "<group>"; };
		A20A9E9F2879A18E000ABFBB /* MyPageCollectionViewCell.swift */ = {isa = PBXFileReference; lastKnownFileType = sourcecode.swift; path = MyPageCollectionViewCell.swift; sourceTree = "<group>"; };
		A22FC8AD2879A62500F33D4F /* LevelView.swift */ = {isa = PBXFileReference; lastKnownFileType = sourcecode.swift; path = LevelView.swift; sourceTree = "<group>"; };
		A22FC8AF2879AA3F00F33D4F /* UIView+Extension.swift */ = {isa = PBXFileReference; lastKnownFileType = sourcecode.swift; path = "UIView+Extension.swift"; sourceTree = "<group>"; };
		A22FC8B22879BCB700F33D4F /* SpoqaHanSansNeo-Light.otf */ = {isa = PBXFileReference; lastKnownFileType = file; path = "SpoqaHanSansNeo-Light.otf"; sourceTree = "<group>"; };
		A22FC8B32879BCB800F33D4F /* SpoqaHanSansNeo-Regular.otf */ = {isa = PBXFileReference; lastKnownFileType = file; path = "SpoqaHanSansNeo-Regular.otf"; sourceTree = "<group>"; };
		A22FC8B52879BCB800F33D4F /* SpoqaHanSansNeo-Medium.otf */ = {isa = PBXFileReference; lastKnownFileType = file; path = "SpoqaHanSansNeo-Medium.otf"; sourceTree = "<group>"; };
		A22FC8B62879BCB800F33D4F /* SpoqaHanSansNeo-Bold.otf */ = {isa = PBXFileReference; lastKnownFileType = file; path = "SpoqaHanSansNeo-Bold.otf"; sourceTree = "<group>"; };
		A22FC8C02879BD9600F33D4F /* SF-Pro-Display-Bold.otf */ = {isa = PBXFileReference; lastKnownFileType = file; path = "SF-Pro-Display-Bold.otf"; sourceTree = "<group>"; };
		A22FC8C12879BD9600F33D4F /* SF-Pro-Display-Medium.otf */ = {isa = PBXFileReference; lastKnownFileType = file; path = "SF-Pro-Display-Medium.otf"; sourceTree = "<group>"; };
		A22FC8C42879BD9600F33D4F /* SF-Pro-Display-Light.otf */ = {isa = PBXFileReference; lastKnownFileType = file; path = "SF-Pro-Display-Light.otf"; sourceTree = "<group>"; };
		A22FC8C52879BD9600F33D4F /* SF-Pro-Display-Regular.otf */ = {isa = PBXFileReference; lastKnownFileType = file; path = "SF-Pro-Display-Regular.otf"; sourceTree = "<group>"; };
		A22FC8D82879BF7A00F33D4F /* UIFont+Extension.swift */ = {isa = PBXFileReference; lastKnownFileType = sourcecode.swift; path = "UIFont+Extension.swift"; sourceTree = "<group>"; };
		A22FC8DD2879D80C00F33D4F /* KeywordView.swift */ = {isa = PBXFileReference; lastKnownFileType = sourcecode.swift; path = KeywordView.swift; sourceTree = "<group>"; };
		A22FC8DF2879E70800F33D4F /* Rx+Extension.swift */ = {isa = PBXFileReference; lastKnownFileType = sourcecode.swift; path = "Rx+Extension.swift"; sourceTree = "<group>"; };
		A22FC8E3287A044900F33D4F /* MyQuestionCell.swift */ = {isa = PBXFileReference; lastKnownFileType = sourcecode.swift; path = MyQuestionCell.swift; sourceTree = "<group>"; };
		A22FC8E5287A046300F33D4F /* OtherQuestionCell.swift */ = {isa = PBXFileReference; lastKnownFileType = sourcecode.swift; path = OtherQuestionCell.swift; sourceTree = "<group>"; };
		A22FC8E8287A10B800F33D4F /* AnswerCompleteViewController.swift */ = {isa = PBXFileReference; lastKnownFileType = sourcecode.swift; path = AnswerCompleteViewController.swift; sourceTree = "<group>"; };
		A2CF64DE28796D7F007D54DD /* DoriDoriError.swift */ = {isa = PBXFileReference; lastKnownFileType = sourcecode.swift; path = DoriDoriError.swift; sourceTree = "<group>"; };
		A2CF64E028796D8B007D54DD /* ErrorModel.swift */ = {isa = PBXFileReference; lastKnownFileType = sourcecode.swift; path = ErrorModel.swift; sourceTree = "<group>"; };
		A2CF64E228796D99007D54DD /* Network.swift */ = {isa = PBXFileReference; lastKnownFileType = sourcecode.swift; path = Network.swift; sourceTree = "<group>"; };
		A2CF64E428796DA5007D54DD /* Requestable.swift */ = {isa = PBXFileReference; lastKnownFileType = sourcecode.swift; path = Requestable.swift; sourceTree = "<group>"; };
		A2CF64E628796DB1007D54DD /* ResponseModel.swift */ = {isa = PBXFileReference; lastKnownFileType = sourcecode.swift; path = ResponseModel.swift; sourceTree = "<group>"; };
		A2F92C6B288BD1F4000340F5 /* OtherSpeechBubbleView.swift */ = {isa = PBXFileReference; lastKnownFileType = sourcecode.swift; path = OtherSpeechBubbleView.swift; sourceTree = "<group>"; };
		A2F92C6D288BEED1000340F5 /* MyPageSpeechBubbleView.swift */ = {isa = PBXFileReference; lastKnownFileType = sourcecode.swift; path = MyPageSpeechBubbleView.swift; sourceTree = "<group>"; };
		A2F92C6F288BF76B000340F5 /* UIStackView+Extension.swift */ = {isa = PBXFileReference; lastKnownFileType = sourcecode.swift; path = "UIStackView+Extension.swift"; sourceTree = "<group>"; };
		A2F92C71288C05F5000340F5 /* MyPageSpeechBubbleCell.swift */ = {isa = PBXFileReference; lastKnownFileType = sourcecode.swift; path = MyPageSpeechBubbleCell.swift; sourceTree = "<group>"; };
		A2F92C73288CF594000340F5 /* HomeOtherSpeechBubbleView.swift */ = {isa = PBXFileReference; lastKnownFileType = sourcecode.swift; path = HomeOtherSpeechBubbleView.swift; sourceTree = "<group>"; };
		A2F92CA0288EDA94000340F5 /* Int+Extension.swift */ = {isa = PBXFileReference; lastKnownFileType = sourcecode.swift; path = "Int+Extension.swift"; sourceTree = "<group>"; };
		A2F92CA2288EDC55000340F5 /* HomeOtherSpeechBubbleCell.swift */ = {isa = PBXFileReference; lastKnownFileType = sourcecode.swift; path = HomeOtherSpeechBubbleCell.swift; sourceTree = "<group>"; };
		CE42D3832870483A00C49548 /* CompositionRoot.swift */ = {isa = PBXFileReference; lastKnownFileType = sourcecode.swift; path = CompositionRoot.swift; sourceTree = "<group>"; };
		CE5B13252879748D00F10A20 /* Coordinator.swift */ = {isa = PBXFileReference; lastKnownFileType = sourcecode.swift; path = Coordinator.swift; sourceTree = "<group>"; };
		CE5B1327287974A400F10A20 /* AppCoordinator.swift */ = {isa = PBXFileReference; lastKnownFileType = sourcecode.swift; path = AppCoordinator.swift; sourceTree = "<group>"; };
		CE5B13322879AED500F10A20 /* HomeViewController.swift */ = {isa = PBXFileReference; lastKnownFileType = sourcecode.swift; path = HomeViewController.swift; sourceTree = "<group>"; };
		CE5B13332879AED500F10A20 /* HomeViewModel.swift */ = {isa = PBXFileReference; lastKnownFileType = sourcecode.swift; path = HomeViewModel.swift; sourceTree = "<group>"; };
		CE5B13372879B1DC00F10A20 /* HomeHeaderView.swift */ = {isa = PBXFileReference; lastKnownFileType = sourcecode.swift; path = HomeHeaderView.swift; sourceTree = "<group>"; };
		CE5B134C287A11B800F10A20 /* BaseWebViewController.swift */ = {isa = PBXFileReference; lastKnownFileType = sourcecode.swift; path = BaseWebViewController.swift; sourceTree = "<group>"; };
		CE8A535628996272005E33CC /* LocationCollectionViewCell.swift */ = {isa = PBXFileReference; lastKnownFileType = sourcecode.swift; path = LocationCollectionViewCell.swift; sourceTree = "<group>"; };
		CEAAA58E285A2A4C00D8D3EA /* DoriDori_iOS.app */ = {isa = PBXFileReference; explicitFileType = wrapper.application; includeInIndex = 0; path = DoriDori_iOS.app; sourceTree = BUILT_PRODUCTS_DIR; };
		CEAAA591285A2A4C00D8D3EA /* AppDelegate.swift */ = {isa = PBXFileReference; lastKnownFileType = sourcecode.swift; path = AppDelegate.swift; sourceTree = "<group>"; };
		CEAAA593285A2A4C00D8D3EA /* SceneDelegate.swift */ = {isa = PBXFileReference; lastKnownFileType = sourcecode.swift; path = SceneDelegate.swift; sourceTree = "<group>"; };
		CEAAA595285A2A4C00D8D3EA /* ViewController.swift */ = {isa = PBXFileReference; lastKnownFileType = sourcecode.swift; path = ViewController.swift; sourceTree = "<group>"; };
		CEAAA59A285A2A4D00D8D3EA /* Assets.xcassets */ = {isa = PBXFileReference; lastKnownFileType = folder.assetcatalog; path = Assets.xcassets; sourceTree = "<group>"; };
		CEAAA59F285A2A4D00D8D3EA /* Info.plist */ = {isa = PBXFileReference; lastKnownFileType = text.plist.xml; path = Info.plist; sourceTree = "<group>"; };
		CEAAA5A4285A2A4D00D8D3EA /* DoriDori_iOSTests.xctest */ = {isa = PBXFileReference; explicitFileType = wrapper.cfbundle; includeInIndex = 0; path = DoriDori_iOSTests.xctest; sourceTree = BUILT_PRODUCTS_DIR; };
		CEAAA5A8285A2A4D00D8D3EA /* DoriDori_iOSTests.swift */ = {isa = PBXFileReference; lastKnownFileType = sourcecode.swift; path = DoriDori_iOSTests.swift; sourceTree = "<group>"; };
		CEAAA5AE285A2A4D00D8D3EA /* DoriDori_iOSUITests.xctest */ = {isa = PBXFileReference; explicitFileType = wrapper.cfbundle; includeInIndex = 0; path = DoriDori_iOSUITests.xctest; sourceTree = BUILT_PRODUCTS_DIR; };
		CEAAA5B2285A2A4D00D8D3EA /* DoriDori_iOSUITests.swift */ = {isa = PBXFileReference; lastKnownFileType = sourcecode.swift; path = DoriDori_iOSUITests.swift; sourceTree = "<group>"; };
		CEAAA5B4285A2A4D00D8D3EA /* DoriDori_iOSUITestsLaunchTests.swift */ = {isa = PBXFileReference; lastKnownFileType = sourcecode.swift; path = DoriDori_iOSUITestsLaunchTests.swift; sourceTree = "<group>"; };
		CEB2656D2875E9C800B9970B /* UIColor+Extension.swift */ = {isa = PBXFileReference; lastKnownFileType = sourcecode.swift; path = "UIColor+Extension.swift"; sourceTree = "<group>"; };
		CEB2656F2875EA6800B9970B /* Colors.xcassets */ = {isa = PBXFileReference; lastKnownFileType = folder.assetcatalog; path = Colors.xcassets; sourceTree = "<group>"; };
		CECB0C3A28A2AF4D00A48D82 /* HomeRepository.swift */ = {isa = PBXFileReference; lastKnownFileType = sourcecode.swift; path = HomeRepository.swift; sourceTree = "<group>"; };
		CECB0C3E28A2BE2B00A48D82 /* MyWard.swift */ = {isa = PBXFileReference; lastKnownFileType = sourcecode.swift; path = MyWard.swift; sourceTree = "<group>"; };
		CEE7651E2867462B007FC892 /* BaseTabBarController.swift */ = {isa = PBXFileReference; lastKnownFileType = sourcecode.swift; path = BaseTabBarController.swift; sourceTree = "<group>"; };
		CEE76520286746B4007FC892 /* HomeTab.swift */ = {isa = PBXFileReference; lastKnownFileType = sourcecode.swift; path = HomeTab.swift; sourceTree = "<group>"; };
		CEE7652228674750007FC892 /* MainTabBarController.swift */ = {isa = PBXFileReference; lastKnownFileType = sourcecode.swift; path = MainTabBarController.swift; sourceTree = "<group>"; };
/* End PBXFileReference section */

/* Begin PBXFrameworksBuildPhase section */
		CEAAA58B285A2A4C00D8D3EA /* Frameworks */ = {
			isa = PBXFrameworksBuildPhase;
			buildActionMask = 2147483647;
			files = (
				CEAAA5C8285A2D3300D8D3EA /* RxRelay in Frameworks */,
				CE58A7F12877279C00928091 /* FlexLayoutYoga in Frameworks */,
				CEAAA5CB285A2D8700D8D3EA /* Alamofire in Frameworks */,
				CEAAA5C6285A2D3300D8D3EA /* RxCocoa in Frameworks */,
				CE58A7EF2877279C00928091 /* FlexLayout in Frameworks */,
				CEAAA5C3285A2BDB00D8D3EA /* ReactorKit in Frameworks */,
				CE58A80E28796C8900928091 /* SnapKit in Frameworks */,
				CE58A7F32877279C00928091 /* FlexLayoutYogaKit in Frameworks */,
				CEAAA5CE285A2DAB00D8D3EA /* Kingfisher in Frameworks */,
			);
			runOnlyForDeploymentPostprocessing = 0;
		};
		CEAAA5A1285A2A4D00D8D3EA /* Frameworks */ = {
			isa = PBXFrameworksBuildPhase;
			buildActionMask = 2147483647;
			files = (
			);
			runOnlyForDeploymentPostprocessing = 0;
		};
		CEAAA5AB285A2A4D00D8D3EA /* Frameworks */ = {
			isa = PBXFrameworksBuildPhase;
			buildActionMask = 2147483647;
			files = (
			);
			runOnlyForDeploymentPostprocessing = 0;
		};
/* End PBXFrameworksBuildPhase section */

/* Begin PBXGroup section */
		A20A9E9328797B5C000ABFBB /* MyPage */ = {
			isa = PBXGroup;
			children = (
				A22FC8E7287A10A900F33D4F /* AnswerComplete */,
				A22FC8E2287A043600F33D4F /* MyPageCell */,
				A20A9E9A28798226000ABFBB /* MyPageHeaderView */,
				A20A9E9428797B6D000ABFBB /* MyPageViewController.swift */,
				A20A9E9528797B6D000ABFBB /* MyPageViewModel.swift */,
				A20A9E9828797B93000ABFBB /* MyPageCoordinator.swift */,
			);
			path = MyPage;
			sourceTree = "<group>";
		};
		A20A9E9A28798226000ABFBB /* MyPageHeaderView */ = {
			isa = PBXGroup;
			children = (
				A20A9E9B287982B5000ABFBB /* MyPageHeaderView.swift */,
				A20A9E9F2879A18E000ABFBB /* MyPageCollectionViewCell.swift */,
			);
			path = MyPageHeaderView;
			sourceTree = "<group>";
		};
		A22FC8AA2879A5DC00F33D4F /* LevelView */ = {
			isa = PBXGroup;
			children = (
				A22FC8AD2879A62500F33D4F /* LevelView.swift */,
			);
			path = LevelView;
			sourceTree = "<group>";
		};
		A22FC8B12879BC4E00F33D4F /* Font */ = {
			isa = PBXGroup;
			children = (
				A22FC8C02879BD9600F33D4F /* SF-Pro-Display-Bold.otf */,
				A22FC8C42879BD9600F33D4F /* SF-Pro-Display-Light.otf */,
				A22FC8C12879BD9600F33D4F /* SF-Pro-Display-Medium.otf */,
				A22FC8C52879BD9600F33D4F /* SF-Pro-Display-Regular.otf */,
				A22FC8B62879BCB800F33D4F /* SpoqaHanSansNeo-Bold.otf */,
				A22FC8B22879BCB700F33D4F /* SpoqaHanSansNeo-Light.otf */,
				A22FC8B52879BCB800F33D4F /* SpoqaHanSansNeo-Medium.otf */,
				A22FC8B32879BCB800F33D4F /* SpoqaHanSansNeo-Regular.otf */,
			);
			path = Font;
			sourceTree = "<group>";
		};
		A22FC8DC2879D7E200F33D4F /* KeywordView */ = {
			isa = PBXGroup;
			children = (
				A22FC8DD2879D80C00F33D4F /* KeywordView.swift */,
			);
			path = KeywordView;
			sourceTree = "<group>";
		};
		A22FC8E2287A043600F33D4F /* MyPageCell */ = {
			isa = PBXGroup;
			children = (
				A22FC8E3287A044900F33D4F /* MyQuestionCell.swift */,
				A22FC8E5287A046300F33D4F /* OtherQuestionCell.swift */,
			);
			path = MyPageCell;
			sourceTree = "<group>";
		};
		A22FC8E7287A10A900F33D4F /* AnswerComplete */ = {
			isa = PBXGroup;
			children = (
				A22FC8E8287A10B800F33D4F /* AnswerCompleteViewController.swift */,
			);
			path = AnswerComplete;
			sourceTree = "<group>";
		};
		A2CF64DD28796D72007D54DD /* Network */ = {
			isa = PBXGroup;
			children = (
				A2CF64DE28796D7F007D54DD /* DoriDoriError.swift */,
				A2CF64E028796D8B007D54DD /* ErrorModel.swift */,
				A2CF64E228796D99007D54DD /* Network.swift */,
				A2CF64E428796DA5007D54DD /* Requestable.swift */,
				A2CF64E628796DB1007D54DD /* ResponseModel.swift */,
			);
			path = Network;
			sourceTree = "<group>";
		};
		A2F92C6A288BD1E1000340F5 /* SpeechBubble */ = {
			isa = PBXGroup;
			children = (
				A2F92C6B288BD1F4000340F5 /* OtherSpeechBubbleView.swift */,
				A2F92C6D288BEED1000340F5 /* MyPageSpeechBubbleView.swift */,
				A2F92C71288C05F5000340F5 /* MyPageSpeechBubbleCell.swift */,
				A2F92C73288CF594000340F5 /* HomeOtherSpeechBubbleView.swift */,
				A2F92CA2288EDC55000340F5 /* HomeOtherSpeechBubbleCell.swift */,
			);
			path = SpeechBubble;
			sourceTree = "<group>";
		};
		CE42D38528705BEE00C49548 /* Scene */ = {
			isa = PBXGroup;
			children = (
				CE42D38628705BFC00C49548 /* MainTabBar */,
				CE5B13312879AEC000F10A20 /* Home */,
				CE5B134B287A11A600F10A20 /* WebView */,
				A20A9E9328797B5C000ABFBB /* MyPage */,
			);
			path = Scene;
			sourceTree = "<group>";
		};
		CE42D38628705BFC00C49548 /* MainTabBar */ = {
			isa = PBXGroup;
			children = (
				CEE7652228674750007FC892 /* MainTabBarController.swift */,
				CEE7651E2867462B007FC892 /* BaseTabBarController.swift */,
				CEE76520286746B4007FC892 /* HomeTab.swift */,
			);
			path = MainTabBar;
			sourceTree = "<group>";
		};
		CE42D38728705E5F00C49548 /* Resources */ = {
			isa = PBXGroup;
			children = (
				A22FC8B12879BC4E00F33D4F /* Font */,
				CEAAA59A285A2A4D00D8D3EA /* Assets.xcassets */,
				CEB2656F2875EA6800B9970B /* Colors.xcassets */,
			);
			path = Resources;
			sourceTree = "<group>";
		};
		CE5B13312879AEC000F10A20 /* Home */ = {
			isa = PBXGroup;
			children = (
				CECB0C3D28A2BDA100A48D82 /* Model */,
				CE5B13362879B16F00F10A20 /* View */,
				CE5B13322879AED500F10A20 /* HomeViewController.swift */,
				CE5B13332879AED500F10A20 /* HomeViewModel.swift */,
				CECB0C3A28A2AF4D00A48D82 /* HomeRepository.swift */,
			);
			path = Home;
			sourceTree = "<group>";
		};
		CE5B13362879B16F00F10A20 /* View */ = {
			isa = PBXGroup;
			children = (
				CE5B13372879B1DC00F10A20 /* HomeHeaderView.swift */,
				CE8A535628996272005E33CC /* LocationCollectionViewCell.swift */,
			);
			path = View;
			sourceTree = "<group>";
		};
		CE5B134B287A11A600F10A20 /* WebView */ = {
			isa = PBXGroup;
			children = (
				CE5B134C287A11B800F10A20 /* BaseWebViewController.swift */,
			);
			path = WebView;
			sourceTree = "<group>";
		};
		CEAAA585285A2A4C00D8D3EA = {
			isa = PBXGroup;
			children = (
				CEAAA590285A2A4C00D8D3EA /* DoriDori_iOS */,
				CEAAA5A7285A2A4D00D8D3EA /* DoriDori_iOSTests */,
				CEAAA5B1285A2A4D00D8D3EA /* DoriDori_iOSUITests */,
				CEAAA58F285A2A4C00D8D3EA /* Products */,
			);
			sourceTree = "<group>";
		};
		CEAAA58F285A2A4C00D8D3EA /* Products */ = {
			isa = PBXGroup;
			children = (
				CEAAA58E285A2A4C00D8D3EA /* DoriDori_iOS.app */,
				CEAAA5A4285A2A4D00D8D3EA /* DoriDori_iOSTests.xctest */,
				CEAAA5AE285A2A4D00D8D3EA /* DoriDori_iOSUITests.xctest */,
			);
			name = Products;
			sourceTree = "<group>";
		};
		CEAAA590285A2A4C00D8D3EA /* DoriDori_iOS */ = {
			isa = PBXGroup;
			children = (
				CEE7651D28674582007FC892 /* AppStart */,
				CE42D38528705BEE00C49548 /* Scene */,
				CEB2656B2875E9B500B9970B /* Common */,
				CE42D38728705E5F00C49548 /* Resources */,
				CEAAA595285A2A4C00D8D3EA /* ViewController.swift */,
				CEAAA59F285A2A4D00D8D3EA /* Info.plist */,
			);
			path = DoriDori_iOS;
			sourceTree = "<group>";
		};
		CEAAA5A7285A2A4D00D8D3EA /* DoriDori_iOSTests */ = {
			isa = PBXGroup;
			children = (
				CEAAA5A8285A2A4D00D8D3EA /* DoriDori_iOSTests.swift */,
			);
			path = DoriDori_iOSTests;
			sourceTree = "<group>";
		};
		CEAAA5B1285A2A4D00D8D3EA /* DoriDori_iOSUITests */ = {
			isa = PBXGroup;
			children = (
				CEAAA5B2285A2A4D00D8D3EA /* DoriDori_iOSUITests.swift */,
				CEAAA5B4285A2A4D00D8D3EA /* DoriDori_iOSUITestsLaunchTests.swift */,
			);
			path = DoriDori_iOSUITests;
			sourceTree = "<group>";
		};
		CEB2656B2875E9B500B9970B /* Common */ = {
			isa = PBXGroup;
			children = (
				A2F92C6A288BD1E1000340F5 /* SpeechBubble */,
				A22FC8DC2879D7E200F33D4F /* KeywordView */,
				A22FC8AA2879A5DC00F33D4F /* LevelView */,
				CE5B13252879748D00F10A20 /* Coordinator.swift */,
				A2CF64DD28796D72007D54DD /* Network */,
				CEB2656C2875E9C000B9970B /* Extensions */,
			);
			path = Common;
			sourceTree = "<group>";
		};
		CEB2656C2875E9C000B9970B /* Extensions */ = {
			isa = PBXGroup;
			children = (
				CEB2656D2875E9C800B9970B /* UIColor+Extension.swift */,
				A22FC8D82879BF7A00F33D4F /* UIFont+Extension.swift */,
				A20A9E9D28798336000ABFBB /* UICollectionView+Extension.swift */,
				A22FC8AF2879AA3F00F33D4F /* UIView+Extension.swift */,
				A22FC8DF2879E70800F33D4F /* Rx+Extension.swift */,
				A2F92C6F288BF76B000340F5 /* UIStackView+Extension.swift */,
				A2F92CA0288EDA94000340F5 /* Int+Extension.swift */,
			);
			path = Extensions;
			sourceTree = "<group>";
		};
		CECB0C3D28A2BDA100A48D82 /* Model */ = {
			isa = PBXGroup;
			children = (
				CECB0C3E28A2BE2B00A48D82 /* MyWard.swift */,
			);
			path = Model;
			sourceTree = "<group>";
		};
		CEE7651D28674582007FC892 /* AppStart */ = {
			isa = PBXGroup;
			children = (
				CEAAA593285A2A4C00D8D3EA /* SceneDelegate.swift */,
				CEAAA591285A2A4C00D8D3EA /* AppDelegate.swift */,
				CE42D3832870483A00C49548 /* CompositionRoot.swift */,
				CE5B1327287974A400F10A20 /* AppCoordinator.swift */,
			);
			path = AppStart;
			sourceTree = "<group>";
		};
/* End PBXGroup section */

/* Begin PBXNativeTarget section */
		CEAAA58D285A2A4C00D8D3EA /* DoriDori_iOS */ = {
			isa = PBXNativeTarget;
			buildConfigurationList = CEAAA5B8285A2A4D00D8D3EA /* Build configuration list for PBXNativeTarget "DoriDori_iOS" */;
			buildPhases = (
				CEAAA58A285A2A4C00D8D3EA /* Sources */,
				CEAAA58B285A2A4C00D8D3EA /* Frameworks */,
				CEAAA58C285A2A4C00D8D3EA /* Resources */,
			);
			buildRules = (
			);
			dependencies = (
			);
			name = DoriDori_iOS;
			packageProductDependencies = (
				CEAAA5C2285A2BDB00D8D3EA /* ReactorKit */,
				CEAAA5C5285A2D3300D8D3EA /* RxCocoa */,
				CEAAA5C7285A2D3300D8D3EA /* RxRelay */,
				CEAAA5CA285A2D8700D8D3EA /* Alamofire */,
				CEAAA5CD285A2DAB00D8D3EA /* Kingfisher */,
				CE58A7EE2877279C00928091 /* FlexLayout */,
				CE58A7F02877279C00928091 /* FlexLayoutYoga */,
				CE58A7F22877279C00928091 /* FlexLayoutYogaKit */,
				CE58A80D28796C8900928091 /* SnapKit */,
			);
			productName = DoriDori_iOS;
			productReference = CEAAA58E285A2A4C00D8D3EA /* DoriDori_iOS.app */;
			productType = "com.apple.product-type.application";
		};
		CEAAA5A3285A2A4D00D8D3EA /* DoriDori_iOSTests */ = {
			isa = PBXNativeTarget;
			buildConfigurationList = CEAAA5BB285A2A4D00D8D3EA /* Build configuration list for PBXNativeTarget "DoriDori_iOSTests" */;
			buildPhases = (
				CEAAA5A0285A2A4D00D8D3EA /* Sources */,
				CEAAA5A1285A2A4D00D8D3EA /* Frameworks */,
				CEAAA5A2285A2A4D00D8D3EA /* Resources */,
			);
			buildRules = (
			);
			dependencies = (
				CEAAA5A6285A2A4D00D8D3EA /* PBXTargetDependency */,
			);
			name = DoriDori_iOSTests;
			productName = DoriDori_iOSTests;
			productReference = CEAAA5A4285A2A4D00D8D3EA /* DoriDori_iOSTests.xctest */;
			productType = "com.apple.product-type.bundle.unit-test";
		};
		CEAAA5AD285A2A4D00D8D3EA /* DoriDori_iOSUITests */ = {
			isa = PBXNativeTarget;
			buildConfigurationList = CEAAA5BE285A2A4D00D8D3EA /* Build configuration list for PBXNativeTarget "DoriDori_iOSUITests" */;
			buildPhases = (
				CEAAA5AA285A2A4D00D8D3EA /* Sources */,
				CEAAA5AB285A2A4D00D8D3EA /* Frameworks */,
				CEAAA5AC285A2A4D00D8D3EA /* Resources */,
			);
			buildRules = (
			);
			dependencies = (
				CEAAA5B0285A2A4D00D8D3EA /* PBXTargetDependency */,
			);
			name = DoriDori_iOSUITests;
			productName = DoriDori_iOSUITests;
			productReference = CEAAA5AE285A2A4D00D8D3EA /* DoriDori_iOSUITests.xctest */;
			productType = "com.apple.product-type.bundle.ui-testing";
		};
/* End PBXNativeTarget section */

/* Begin PBXProject section */
		CEAAA586285A2A4C00D8D3EA /* Project object */ = {
			isa = PBXProject;
			attributes = {
				BuildIndependentTargetsInParallel = 1;
				LastSwiftUpdateCheck = 1320;
				LastUpgradeCheck = 1320;
				TargetAttributes = {
					CEAAA58D285A2A4C00D8D3EA = {
						CreatedOnToolsVersion = 13.2.1;
					};
					CEAAA5A3285A2A4D00D8D3EA = {
						CreatedOnToolsVersion = 13.2.1;
						TestTargetID = CEAAA58D285A2A4C00D8D3EA;
					};
					CEAAA5AD285A2A4D00D8D3EA = {
						CreatedOnToolsVersion = 13.2.1;
						TestTargetID = CEAAA58D285A2A4C00D8D3EA;
					};
				};
			};
			buildConfigurationList = CEAAA589285A2A4C00D8D3EA /* Build configuration list for PBXProject "DoriDori_iOS" */;
			compatibilityVersion = "Xcode 13.0";
			developmentRegion = en;
			hasScannedForEncodings = 0;
			knownRegions = (
				en,
				Base,
			);
			mainGroup = CEAAA585285A2A4C00D8D3EA;
			packageReferences = (
				CEAAA5C1285A2BDB00D8D3EA /* XCRemoteSwiftPackageReference "ReactorKit" */,
				CEAAA5C4285A2D3300D8D3EA /* XCRemoteSwiftPackageReference "RxSwift" */,
				CEAAA5C9285A2D8700D8D3EA /* XCRemoteSwiftPackageReference "Alamofire" */,
				CEAAA5CC285A2DAB00D8D3EA /* XCRemoteSwiftPackageReference "Kingfisher" */,
				CE58A7ED2877279C00928091 /* XCRemoteSwiftPackageReference "FlexLayout" */,
				CE58A80C28796C8900928091 /* XCRemoteSwiftPackageReference "SnapKit" */,
			);
			productRefGroup = CEAAA58F285A2A4C00D8D3EA /* Products */;
			projectDirPath = "";
			projectRoot = "";
			targets = (
				CEAAA58D285A2A4C00D8D3EA /* DoriDori_iOS */,
				CEAAA5A3285A2A4D00D8D3EA /* DoriDori_iOSTests */,
				CEAAA5AD285A2A4D00D8D3EA /* DoriDori_iOSUITests */,
			);
		};
/* End PBXProject section */

/* Begin PBXResourcesBuildPhase section */
		CEAAA58C285A2A4C00D8D3EA /* Resources */ = {
			isa = PBXResourcesBuildPhase;
			buildActionMask = 2147483647;
			files = (
				CEAAA59B285A2A4D00D8D3EA /* Assets.xcassets in Resources */,
				A22FC8CE2879BD9700F33D4F /* SF-Pro-Display-Bold.otf in Resources */,
				A22FC8CF2879BD9700F33D4F /* SF-Pro-Display-Medium.otf in Resources */,
				A22FC8BB2879BCB800F33D4F /* SpoqaHanSansNeo-Bold.otf in Resources */,
				A22FC8B72879BCB800F33D4F /* SpoqaHanSansNeo-Light.otf in Resources */,
				CEB265702875EA6800B9970B /* Colors.xcassets in Resources */,
				A22FC8B82879BCB800F33D4F /* SpoqaHanSansNeo-Regular.otf in Resources */,
				A22FC8BA2879BCB800F33D4F /* SpoqaHanSansNeo-Medium.otf in Resources */,
				A22FC8D22879BD9700F33D4F /* SF-Pro-Display-Light.otf in Resources */,
				A22FC8D32879BD9700F33D4F /* SF-Pro-Display-Regular.otf in Resources */,
			);
			runOnlyForDeploymentPostprocessing = 0;
		};
		CEAAA5A2285A2A4D00D8D3EA /* Resources */ = {
			isa = PBXResourcesBuildPhase;
			buildActionMask = 2147483647;
			files = (
			);
			runOnlyForDeploymentPostprocessing = 0;
		};
		CEAAA5AC285A2A4D00D8D3EA /* Resources */ = {
			isa = PBXResourcesBuildPhase;
			buildActionMask = 2147483647;
			files = (
			);
			runOnlyForDeploymentPostprocessing = 0;
		};
/* End PBXResourcesBuildPhase section */

/* Begin PBXSourcesBuildPhase section */
		CEAAA58A285A2A4C00D8D3EA /* Sources */ = {
			isa = PBXSourcesBuildPhase;
			buildActionMask = 2147483647;
			files = (
				CE5B13352879AED500F10A20 /* HomeViewModel.swift in Sources */,
				A20A9E9C287982B5000ABFBB /* MyPageHeaderView.swift in Sources */,
				A2CF64E128796D8B007D54DD /* ErrorModel.swift in Sources */,
				A22FC8E9287A10B800F33D4F /* AnswerCompleteViewController.swift in Sources */,
				A2F92C74288CF594000340F5 /* HomeOtherSpeechBubbleView.swift in Sources */,
				A2F92C6E288BEED1000340F5 /* MyPageSpeechBubbleView.swift in Sources */,
				CEE7651F2867462B007FC892 /* BaseTabBarController.swift in Sources */,
				A20A9EA02879A18E000ABFBB /* MyPageCollectionViewCell.swift in Sources */,
				A2F92C6C288BD1F4000340F5 /* OtherSpeechBubbleView.swift in Sources */,
				CE8A535728996272005E33CC /* LocationCollectionViewCell.swift in Sources */,
				CE42D3842870483A00C49548 /* CompositionRoot.swift in Sources */,
				CE5B134D287A11B800F10A20 /* BaseWebViewController.swift in Sources */,
				A22FC8AE2879A62500F33D4F /* LevelView.swift in Sources */,
				CEAAA596285A2A4C00D8D3EA /* ViewController.swift in Sources */,
				CEE7652328674750007FC892 /* MainTabBarController.swift in Sources */,
				CEE7652328674750007FC892 /* MainTabBarController.swift in Sources */,
				A2F92C72288C05F5000340F5 /* MyPageSpeechBubbleCell.swift in Sources */,
				CEE7652328674750007FC892 /* MainTabBarController.swift in Sources */,
				A22FC8E6287A046300F33D4F /* OtherQuestionCell.swift in Sources */,
				A2CF64E328796D99007D54DD /* Network.swift in Sources */,
				A20A9E9728797B6D000ABFBB /* MyPageViewModel.swift in Sources */,
				A22FC8E4287A044900F33D4F /* MyQuestionCell.swift in Sources */,
				A22FC8B02879AA3F00F33D4F /* UIView+Extension.swift in Sources */,
				A22FC8DE2879D80C00F33D4F /* KeywordView.swift in Sources */,
				CE5B13262879748D00F10A20 /* Coordinator.swift in Sources */,
				A2F92CA1288EDA94000340F5 /* Int+Extension.swift in Sources */,
				A20A9E9628797B6D000ABFBB /* MyPageViewController.swift in Sources */,
				CECB0C3F28A2BE2B00A48D82 /* MyWard.swift in Sources */,
				A2CF64DF28796D7F007D54DD /* DoriDoriError.swift in Sources */,
				A22FC8E02879E70800F33D4F /* Rx+Extension.swift in Sources */,
				CEAAA592285A2A4C00D8D3EA /* AppDelegate.swift in Sources */,
				CEE76521286746B4007FC892 /* HomeTab.swift in Sources */,
				A2CF64E728796DB1007D54DD /* ResponseModel.swift in Sources */,
				CECB0C3B28A2AF4D00A48D82 /* HomeRepository.swift in Sources */,
				CE5B13382879B1DC00F10A20 /* HomeHeaderView.swift in Sources */,
				CE5B13342879AED500F10A20 /* HomeViewController.swift in Sources */,
				A20A9E9928797B93000ABFBB /* MyPageCoordinator.swift in Sources */,
				A2CF64E528796DA5007D54DD /* Requestable.swift in Sources */,
				A20A9E9E28798336000ABFBB /* UICollectionView+Extension.swift in Sources */,
				CE5B1328287974A400F10A20 /* AppCoordinator.swift in Sources */,
				CEAAA594285A2A4C00D8D3EA /* SceneDelegate.swift in Sources */,
				A22FC8D92879BF7A00F33D4F /* UIFont+Extension.swift in Sources */,
				A2F92CA3288EDC55000340F5 /* HomeOtherSpeechBubbleCell.swift in Sources */,
				CEB2656E2875E9C800B9970B /* UIColor+Extension.swift in Sources */,
				A2F92C70288BF76B000340F5 /* UIStackView+Extension.swift in Sources */,
			);
			runOnlyForDeploymentPostprocessing = 0;
		};
		CEAAA5A0285A2A4D00D8D3EA /* Sources */ = {
			isa = PBXSourcesBuildPhase;
			buildActionMask = 2147483647;
			files = (
				CEAAA5A9285A2A4D00D8D3EA /* DoriDori_iOSTests.swift in Sources */,
			);
			runOnlyForDeploymentPostprocessing = 0;
		};
		CEAAA5AA285A2A4D00D8D3EA /* Sources */ = {
			isa = PBXSourcesBuildPhase;
			buildActionMask = 2147483647;
			files = (
				CEAAA5B5285A2A4D00D8D3EA /* DoriDori_iOSUITestsLaunchTests.swift in Sources */,
				CEAAA5B3285A2A4D00D8D3EA /* DoriDori_iOSUITests.swift in Sources */,
			);
			runOnlyForDeploymentPostprocessing = 0;
		};
/* End PBXSourcesBuildPhase section */

/* Begin PBXTargetDependency section */
		CEAAA5A6285A2A4D00D8D3EA /* PBXTargetDependency */ = {
			isa = PBXTargetDependency;
			target = CEAAA58D285A2A4C00D8D3EA /* DoriDori_iOS */;
			targetProxy = CEAAA5A5285A2A4D00D8D3EA /* PBXContainerItemProxy */;
		};
		CEAAA5B0285A2A4D00D8D3EA /* PBXTargetDependency */ = {
			isa = PBXTargetDependency;
			target = CEAAA58D285A2A4C00D8D3EA /* DoriDori_iOS */;
			targetProxy = CEAAA5AF285A2A4D00D8D3EA /* PBXContainerItemProxy */;
		};
/* End PBXTargetDependency section */

/* Begin XCBuildConfiguration section */
		CEAAA5B6285A2A4D00D8D3EA /* Debug */ = {
			isa = XCBuildConfiguration;
			buildSettings = {
				ALWAYS_SEARCH_USER_PATHS = NO;
				CLANG_ANALYZER_NONNULL = YES;
				CLANG_ANALYZER_NUMBER_OBJECT_CONVERSION = YES_AGGRESSIVE;
				CLANG_CXX_LANGUAGE_STANDARD = "gnu++17";
				CLANG_CXX_LIBRARY = "libc++";
				CLANG_ENABLE_MODULES = YES;
				CLANG_ENABLE_OBJC_ARC = YES;
				CLANG_ENABLE_OBJC_WEAK = YES;
				CLANG_WARN_BLOCK_CAPTURE_AUTORELEASING = YES;
				CLANG_WARN_BOOL_CONVERSION = YES;
				CLANG_WARN_COMMA = YES;
				CLANG_WARN_CONSTANT_CONVERSION = YES;
				CLANG_WARN_DEPRECATED_OBJC_IMPLEMENTATIONS = YES;
				CLANG_WARN_DIRECT_OBJC_ISA_USAGE = YES_ERROR;
				CLANG_WARN_DOCUMENTATION_COMMENTS = YES;
				CLANG_WARN_EMPTY_BODY = YES;
				CLANG_WARN_ENUM_CONVERSION = YES;
				CLANG_WARN_INFINITE_RECURSION = YES;
				CLANG_WARN_INT_CONVERSION = YES;
				CLANG_WARN_NON_LITERAL_NULL_CONVERSION = YES;
				CLANG_WARN_OBJC_IMPLICIT_RETAIN_SELF = YES;
				CLANG_WARN_OBJC_LITERAL_CONVERSION = YES;
				CLANG_WARN_OBJC_ROOT_CLASS = YES_ERROR;
				CLANG_WARN_QUOTED_INCLUDE_IN_FRAMEWORK_HEADER = YES;
				CLANG_WARN_RANGE_LOOP_ANALYSIS = YES;
				CLANG_WARN_STRICT_PROTOTYPES = YES;
				CLANG_WARN_SUSPICIOUS_MOVE = YES;
				CLANG_WARN_UNGUARDED_AVAILABILITY = YES_AGGRESSIVE;
				CLANG_WARN_UNREACHABLE_CODE = YES;
				CLANG_WARN__DUPLICATE_METHOD_MATCH = YES;
				COPY_PHASE_STRIP = NO;
				DEBUG_INFORMATION_FORMAT = dwarf;
				ENABLE_STRICT_OBJC_MSGSEND = YES;
				ENABLE_TESTABILITY = YES;
				GCC_C_LANGUAGE_STANDARD = gnu11;
				GCC_DYNAMIC_NO_PIC = NO;
				GCC_NO_COMMON_BLOCKS = YES;
				GCC_OPTIMIZATION_LEVEL = 0;
				GCC_PREPROCESSOR_DEFINITIONS = "FLEXLAYOUT_SWIFT_PACKAGE=1";
				GCC_WARN_64_TO_32_BIT_CONVERSION = YES;
				GCC_WARN_ABOUT_RETURN_TYPE = YES_ERROR;
				GCC_WARN_UNDECLARED_SELECTOR = YES;
				GCC_WARN_UNINITIALIZED_AUTOS = YES_AGGRESSIVE;
				GCC_WARN_UNUSED_FUNCTION = YES;
				GCC_WARN_UNUSED_VARIABLE = YES;
				IPHONEOS_DEPLOYMENT_TARGET = 15.2;
				MTL_ENABLE_DEBUG_INFO = INCLUDE_SOURCE;
				MTL_FAST_MATH = YES;
				ONLY_ACTIVE_ARCH = YES;
				SDKROOT = iphoneos;
				SWIFT_ACTIVE_COMPILATION_CONDITIONS = DEBUG;
				SWIFT_OPTIMIZATION_LEVEL = "-Onone";
			};
			name = Debug;
		};
		CEAAA5B7285A2A4D00D8D3EA /* Release */ = {
			isa = XCBuildConfiguration;
			buildSettings = {
				ALWAYS_SEARCH_USER_PATHS = NO;
				CLANG_ANALYZER_NONNULL = YES;
				CLANG_ANALYZER_NUMBER_OBJECT_CONVERSION = YES_AGGRESSIVE;
				CLANG_CXX_LANGUAGE_STANDARD = "gnu++17";
				CLANG_CXX_LIBRARY = "libc++";
				CLANG_ENABLE_MODULES = YES;
				CLANG_ENABLE_OBJC_ARC = YES;
				CLANG_ENABLE_OBJC_WEAK = YES;
				CLANG_WARN_BLOCK_CAPTURE_AUTORELEASING = YES;
				CLANG_WARN_BOOL_CONVERSION = YES;
				CLANG_WARN_COMMA = YES;
				CLANG_WARN_CONSTANT_CONVERSION = YES;
				CLANG_WARN_DEPRECATED_OBJC_IMPLEMENTATIONS = YES;
				CLANG_WARN_DIRECT_OBJC_ISA_USAGE = YES_ERROR;
				CLANG_WARN_DOCUMENTATION_COMMENTS = YES;
				CLANG_WARN_EMPTY_BODY = YES;
				CLANG_WARN_ENUM_CONVERSION = YES;
				CLANG_WARN_INFINITE_RECURSION = YES;
				CLANG_WARN_INT_CONVERSION = YES;
				CLANG_WARN_NON_LITERAL_NULL_CONVERSION = YES;
				CLANG_WARN_OBJC_IMPLICIT_RETAIN_SELF = YES;
				CLANG_WARN_OBJC_LITERAL_CONVERSION = YES;
				CLANG_WARN_OBJC_ROOT_CLASS = YES_ERROR;
				CLANG_WARN_QUOTED_INCLUDE_IN_FRAMEWORK_HEADER = YES;
				CLANG_WARN_RANGE_LOOP_ANALYSIS = YES;
				CLANG_WARN_STRICT_PROTOTYPES = YES;
				CLANG_WARN_SUSPICIOUS_MOVE = YES;
				CLANG_WARN_UNGUARDED_AVAILABILITY = YES_AGGRESSIVE;
				CLANG_WARN_UNREACHABLE_CODE = YES;
				CLANG_WARN__DUPLICATE_METHOD_MATCH = YES;
				COPY_PHASE_STRIP = NO;
				DEBUG_INFORMATION_FORMAT = "dwarf-with-dsym";
				ENABLE_NS_ASSERTIONS = NO;
				ENABLE_STRICT_OBJC_MSGSEND = YES;
				GCC_C_LANGUAGE_STANDARD = gnu11;
				GCC_NO_COMMON_BLOCKS = YES;
				GCC_PREPROCESSOR_DEFINITIONS = "FLEXLAYOUT_SWIFT_PACKAGE=1";
				GCC_WARN_64_TO_32_BIT_CONVERSION = YES;
				GCC_WARN_ABOUT_RETURN_TYPE = YES_ERROR;
				GCC_WARN_UNDECLARED_SELECTOR = YES;
				GCC_WARN_UNINITIALIZED_AUTOS = YES_AGGRESSIVE;
				GCC_WARN_UNUSED_FUNCTION = YES;
				GCC_WARN_UNUSED_VARIABLE = YES;
				IPHONEOS_DEPLOYMENT_TARGET = 15.2;
				MTL_ENABLE_DEBUG_INFO = NO;
				MTL_FAST_MATH = YES;
				SDKROOT = iphoneos;
				SWIFT_COMPILATION_MODE = wholemodule;
				SWIFT_OPTIMIZATION_LEVEL = "-O";
				VALIDATE_PRODUCT = YES;
			};
			name = Release;
		};
		CEAAA5B9285A2A4D00D8D3EA /* Debug */ = {
			isa = XCBuildConfiguration;
			buildSettings = {
				ASSETCATALOG_COMPILER_APPICON_NAME = AppIcon;
				ASSETCATALOG_COMPILER_GLOBAL_ACCENT_COLOR_NAME = AccentColor;
				CODE_SIGN_STYLE = Automatic;
				CURRENT_PROJECT_VERSION = 1;
				GENERATE_INFOPLIST_FILE = YES;
				INFOPLIST_FILE = DoriDori_iOS/Info.plist;
				INFOPLIST_KEY_UIApplicationSupportsIndirectInputEvents = YES;
				INFOPLIST_KEY_UILaunchStoryboardName = LaunchScreen;
				INFOPLIST_KEY_UISupportedInterfaceOrientations_iPad = "UIInterfaceOrientationPortrait UIInterfaceOrientationPortraitUpsideDown UIInterfaceOrientationLandscapeLeft UIInterfaceOrientationLandscapeRight";
				INFOPLIST_KEY_UISupportedInterfaceOrientations_iPhone = "UIInterfaceOrientationPortrait UIInterfaceOrientationLandscapeLeft UIInterfaceOrientationLandscapeRight";
				IPHONEOS_DEPLOYMENT_TARGET = 13.0;
				LD_RUNPATH_SEARCH_PATHS = (
					"$(inherited)",
					"@executable_path/Frameworks",
				);
				MARKETING_VERSION = 1.0;
				PRODUCT_BUNDLE_IDENTIFIER = "MashUp-Bangwidae.DoriDori-iOS";
				PRODUCT_NAME = "$(TARGET_NAME)";
				SWIFT_EMIT_LOC_STRINGS = YES;
				SWIFT_VERSION = 5.0;
				TARGETED_DEVICE_FAMILY = "1,2";
			};
			name = Debug;
		};
		CEAAA5BA285A2A4D00D8D3EA /* Release */ = {
			isa = XCBuildConfiguration;
			buildSettings = {
				ASSETCATALOG_COMPILER_APPICON_NAME = AppIcon;
				ASSETCATALOG_COMPILER_GLOBAL_ACCENT_COLOR_NAME = AccentColor;
				CODE_SIGN_STYLE = Automatic;
				CURRENT_PROJECT_VERSION = 1;
				GENERATE_INFOPLIST_FILE = YES;
				INFOPLIST_FILE = DoriDori_iOS/Info.plist;
				INFOPLIST_KEY_UIApplicationSupportsIndirectInputEvents = YES;
				INFOPLIST_KEY_UILaunchStoryboardName = LaunchScreen;
				INFOPLIST_KEY_UISupportedInterfaceOrientations_iPad = "UIInterfaceOrientationPortrait UIInterfaceOrientationPortraitUpsideDown UIInterfaceOrientationLandscapeLeft UIInterfaceOrientationLandscapeRight";
				INFOPLIST_KEY_UISupportedInterfaceOrientations_iPhone = "UIInterfaceOrientationPortrait UIInterfaceOrientationLandscapeLeft UIInterfaceOrientationLandscapeRight";
				IPHONEOS_DEPLOYMENT_TARGET = 13.0;
				LD_RUNPATH_SEARCH_PATHS = (
					"$(inherited)",
					"@executable_path/Frameworks",
				);
				MARKETING_VERSION = 1.0;
				PRODUCT_BUNDLE_IDENTIFIER = "MashUp-Bangwidae.DoriDori-iOS";
				PRODUCT_NAME = "$(TARGET_NAME)";
				SWIFT_EMIT_LOC_STRINGS = YES;
				SWIFT_VERSION = 5.0;
				TARGETED_DEVICE_FAMILY = "1,2";
			};
			name = Release;
		};
		CEAAA5BC285A2A4D00D8D3EA /* Debug */ = {
			isa = XCBuildConfiguration;
			buildSettings = {
				ALWAYS_EMBED_SWIFT_STANDARD_LIBRARIES = YES;
				BUNDLE_LOADER = "$(TEST_HOST)";
				CODE_SIGN_STYLE = Automatic;
				CURRENT_PROJECT_VERSION = 1;
				GENERATE_INFOPLIST_FILE = YES;
				IPHONEOS_DEPLOYMENT_TARGET = 15.2;
				MARKETING_VERSION = 1.0;
				PRODUCT_BUNDLE_IDENTIFIER = "MashUp-Bangwidae.DoriDori-iOSTests";
				PRODUCT_NAME = "$(TARGET_NAME)";
				SWIFT_EMIT_LOC_STRINGS = NO;
				SWIFT_VERSION = 5.0;
				TARGETED_DEVICE_FAMILY = "1,2";
				TEST_HOST = "$(BUILT_PRODUCTS_DIR)/DoriDori_iOS.app/DoriDori_iOS";
			};
			name = Debug;
		};
		CEAAA5BD285A2A4D00D8D3EA /* Release */ = {
			isa = XCBuildConfiguration;
			buildSettings = {
				ALWAYS_EMBED_SWIFT_STANDARD_LIBRARIES = YES;
				BUNDLE_LOADER = "$(TEST_HOST)";
				CODE_SIGN_STYLE = Automatic;
				CURRENT_PROJECT_VERSION = 1;
				GENERATE_INFOPLIST_FILE = YES;
				IPHONEOS_DEPLOYMENT_TARGET = 15.2;
				MARKETING_VERSION = 1.0;
				PRODUCT_BUNDLE_IDENTIFIER = "MashUp-Bangwidae.DoriDori-iOSTests";
				PRODUCT_NAME = "$(TARGET_NAME)";
				SWIFT_EMIT_LOC_STRINGS = NO;
				SWIFT_VERSION = 5.0;
				TARGETED_DEVICE_FAMILY = "1,2";
				TEST_HOST = "$(BUILT_PRODUCTS_DIR)/DoriDori_iOS.app/DoriDori_iOS";
			};
			name = Release;
		};
		CEAAA5BF285A2A4D00D8D3EA /* Debug */ = {
			isa = XCBuildConfiguration;
			buildSettings = {
				ALWAYS_EMBED_SWIFT_STANDARD_LIBRARIES = YES;
				CODE_SIGN_STYLE = Automatic;
				CURRENT_PROJECT_VERSION = 1;
				GENERATE_INFOPLIST_FILE = YES;
				MARKETING_VERSION = 1.0;
				PRODUCT_BUNDLE_IDENTIFIER = "MashUp-Bangwidae.DoriDori-iOSUITests";
				PRODUCT_NAME = "$(TARGET_NAME)";
				SWIFT_EMIT_LOC_STRINGS = NO;
				SWIFT_VERSION = 5.0;
				TARGETED_DEVICE_FAMILY = "1,2";
				TEST_TARGET_NAME = DoriDori_iOS;
			};
			name = Debug;
		};
		CEAAA5C0285A2A4D00D8D3EA /* Release */ = {
			isa = XCBuildConfiguration;
			buildSettings = {
				ALWAYS_EMBED_SWIFT_STANDARD_LIBRARIES = YES;
				CODE_SIGN_STYLE = Automatic;
				CURRENT_PROJECT_VERSION = 1;
				GENERATE_INFOPLIST_FILE = YES;
				MARKETING_VERSION = 1.0;
				PRODUCT_BUNDLE_IDENTIFIER = "MashUp-Bangwidae.DoriDori-iOSUITests";
				PRODUCT_NAME = "$(TARGET_NAME)";
				SWIFT_EMIT_LOC_STRINGS = NO;
				SWIFT_VERSION = 5.0;
				TARGETED_DEVICE_FAMILY = "1,2";
				TEST_TARGET_NAME = DoriDori_iOS;
			};
			name = Release;
		};
/* End XCBuildConfiguration section */

/* Begin XCConfigurationList section */
		CEAAA589285A2A4C00D8D3EA /* Build configuration list for PBXProject "DoriDori_iOS" */ = {
			isa = XCConfigurationList;
			buildConfigurations = (
				CEAAA5B6285A2A4D00D8D3EA /* Debug */,
				CEAAA5B7285A2A4D00D8D3EA /* Release */,
			);
			defaultConfigurationIsVisible = 0;
			defaultConfigurationName = Release;
		};
		CEAAA5B8285A2A4D00D8D3EA /* Build configuration list for PBXNativeTarget "DoriDori_iOS" */ = {
			isa = XCConfigurationList;
			buildConfigurations = (
				CEAAA5B9285A2A4D00D8D3EA /* Debug */,
				CEAAA5BA285A2A4D00D8D3EA /* Release */,
			);
			defaultConfigurationIsVisible = 0;
			defaultConfigurationName = Release;
		};
		CEAAA5BB285A2A4D00D8D3EA /* Build configuration list for PBXNativeTarget "DoriDori_iOSTests" */ = {
			isa = XCConfigurationList;
			buildConfigurations = (
				CEAAA5BC285A2A4D00D8D3EA /* Debug */,
				CEAAA5BD285A2A4D00D8D3EA /* Release */,
			);
			defaultConfigurationIsVisible = 0;
			defaultConfigurationName = Release;
		};
		CEAAA5BE285A2A4D00D8D3EA /* Build configuration list for PBXNativeTarget "DoriDori_iOSUITests" */ = {
			isa = XCConfigurationList;
			buildConfigurations = (
				CEAAA5BF285A2A4D00D8D3EA /* Debug */,
				CEAAA5C0285A2A4D00D8D3EA /* Release */,
			);
			defaultConfigurationIsVisible = 0;
			defaultConfigurationName = Release;
		};
/* End XCConfigurationList section */

/* Begin XCRemoteSwiftPackageReference section */
		CE58A7ED2877279C00928091 /* XCRemoteSwiftPackageReference "FlexLayout" */ = {
			isa = XCRemoteSwiftPackageReference;
			repositoryURL = "https://github.com/layoutBox/FlexLayout.git";
			requirement = {
				branch = master;
				kind = branch;
			};
		};
		CE58A80C28796C8900928091 /* XCRemoteSwiftPackageReference "SnapKit" */ = {
			isa = XCRemoteSwiftPackageReference;
			repositoryURL = "https://github.com/SnapKit/SnapKit.git";
			requirement = {
				branch = develop;
				kind = branch;
			};
		};
		CEAAA5C1285A2BDB00D8D3EA /* XCRemoteSwiftPackageReference "ReactorKit" */ = {
			isa = XCRemoteSwiftPackageReference;
			repositoryURL = "https://github.com/ReactorKit/ReactorKit.git";
			requirement = {
				kind = upToNextMajorVersion;
				minimumVersion = 3.0.0;
			};
		};
		CEAAA5C4285A2D3300D8D3EA /* XCRemoteSwiftPackageReference "RxSwift" */ = {
			isa = XCRemoteSwiftPackageReference;
			repositoryURL = "https://github.com/ReactiveX/RxSwift.git";
			requirement = {
				kind = upToNextMajorVersion;
				minimumVersion = 6.0.0;
			};
		};
		CEAAA5C9285A2D8700D8D3EA /* XCRemoteSwiftPackageReference "Alamofire" */ = {
			isa = XCRemoteSwiftPackageReference;
			repositoryURL = "https://github.com/Alamofire/Alamofire.git";
			requirement = {
				kind = upToNextMajorVersion;
				minimumVersion = 5.0.0;
			};
		};
		CEAAA5CC285A2DAB00D8D3EA /* XCRemoteSwiftPackageReference "Kingfisher" */ = {
			isa = XCRemoteSwiftPackageReference;
			repositoryURL = "https://github.com/onevcat/Kingfisher.git";
			requirement = {
				kind = upToNextMajorVersion;
				minimumVersion = 7.0.0;
			};
		};
/* End XCRemoteSwiftPackageReference section */

/* Begin XCSwiftPackageProductDependency section */
		CE58A7EE2877279C00928091 /* FlexLayout */ = {
			isa = XCSwiftPackageProductDependency;
			package = CE58A7ED2877279C00928091 /* XCRemoteSwiftPackageReference "FlexLayout" */;
			productName = FlexLayout;
		};
		CE58A7F02877279C00928091 /* FlexLayoutYoga */ = {
			isa = XCSwiftPackageProductDependency;
			package = CE58A7ED2877279C00928091 /* XCRemoteSwiftPackageReference "FlexLayout" */;
			productName = FlexLayoutYoga;
		};
		CE58A7F22877279C00928091 /* FlexLayoutYogaKit */ = {
			isa = XCSwiftPackageProductDependency;
			package = CE58A7ED2877279C00928091 /* XCRemoteSwiftPackageReference "FlexLayout" */;
			productName = FlexLayoutYogaKit;
		};
		CE58A80D28796C8900928091 /* SnapKit */ = {
			isa = XCSwiftPackageProductDependency;
			package = CE58A80C28796C8900928091 /* XCRemoteSwiftPackageReference "SnapKit" */;
			productName = SnapKit;
		};
		CEAAA5C2285A2BDB00D8D3EA /* ReactorKit */ = {
			isa = XCSwiftPackageProductDependency;
			package = CEAAA5C1285A2BDB00D8D3EA /* XCRemoteSwiftPackageReference "ReactorKit" */;
			productName = ReactorKit;
		};
		CEAAA5C5285A2D3300D8D3EA /* RxCocoa */ = {
			isa = XCSwiftPackageProductDependency;
			package = CEAAA5C4285A2D3300D8D3EA /* XCRemoteSwiftPackageReference "RxSwift" */;
			productName = RxCocoa;
		};
		CEAAA5C7285A2D3300D8D3EA /* RxRelay */ = {
			isa = XCSwiftPackageProductDependency;
			package = CEAAA5C4285A2D3300D8D3EA /* XCRemoteSwiftPackageReference "RxSwift" */;
			productName = RxRelay;
		};
		CEAAA5CA285A2D8700D8D3EA /* Alamofire */ = {
			isa = XCSwiftPackageProductDependency;
			package = CEAAA5C9285A2D8700D8D3EA /* XCRemoteSwiftPackageReference "Alamofire" */;
			productName = Alamofire;
		};
		CEAAA5CD285A2DAB00D8D3EA /* Kingfisher */ = {
			isa = XCSwiftPackageProductDependency;
			package = CEAAA5CC285A2DAB00D8D3EA /* XCRemoteSwiftPackageReference "Kingfisher" */;
			productName = Kingfisher;
		};
/* End XCSwiftPackageProductDependency section */
	};
	rootObject = CEAAA586285A2A4C00D8D3EA /* Project object */;
}
